// !$*UTF8*$!
{
	archiveVersion = 1;
	classes = {
	};
	objectVersion = 55;
	objects = {

/* Begin PBXBuildFile section */
		B52570592830AE07008B518C /* WindowController.swift in Sources */ = {isa = PBXBuildFile; fileRef = B52570582830AE07008B518C /* WindowController.swift */; };
		B5699DE9287F0590004AF6FA /* SF-Pro-Text-Regular.otf in CopyFiles */ = {isa = PBXBuildFile; fileRef = B5699DE7287F048F004AF6FA /* SF-Pro-Text-Regular.otf */; };
		B5699DEA287F0597004AF6FA /* SF-Pro-Text-Thin.otf in CopyFiles */ = {isa = PBXBuildFile; fileRef = B5699DE6287F048F004AF6FA /* SF-Pro-Text-Thin.otf */; };
		B5699DEE287FABFC004AF6FA /* images in Resources */ = {isa = PBXBuildFile; fileRef = B5699DED287FABFC004AF6FA /* images */; };
		B5699DF0287FAC0A004AF6FA /* AboutViewController.swift in Sources */ = {isa = PBXBuildFile; fileRef = B5699DEF287FAC0A004AF6FA /* AboutViewController.swift */; };
		B5699DF228805D19004AF6FA /* README.html in Resources */ = {isa = PBXBuildFile; fileRef = B5699DF128805D19004AF6FA /* README.html */; };
		B589E878281D7DE0005571CC /* Alert.swift in Sources */ = {isa = PBXBuildFile; fileRef = B589E877281D7DE0005571CC /* Alert.swift */; };
		B589E88028244C66005571CC /* WriteToLog.swift in Sources */ = {isa = PBXBuildFile; fileRef = B589E87F28244C66005571CC /* WriteToLog.swift */; };
		B589E88228244CA5005571CC /* Globals.swift in Sources */ = {isa = PBXBuildFile; fileRef = B589E88128244CA5005571CC /* Globals.swift */; };
		B5C1E8FB28173D4000CDE032 /* LoginViewController.swift in Sources */ = {isa = PBXBuildFile; fileRef = B5C1E8FA28173D4000CDE032 /* LoginViewController.swift */; };
		B5C1E8FD28173D4F00CDE032 /* Credentials2.swift in Sources */ = {isa = PBXBuildFile; fileRef = B5C1E8FC28173D4F00CDE032 /* Credentials2.swift */; };
		B5C2D7C0280776AD00A2F205 /* AppDelegate.swift in Sources */ = {isa = PBXBuildFile; fileRef = B5C2D7BF280776AD00A2F205 /* AppDelegate.swift */; };
		B5C2D7C2280776AD00A2F205 /* ViewController.swift in Sources */ = {isa = PBXBuildFile; fileRef = B5C2D7C1280776AD00A2F205 /* ViewController.swift */; };
		B5C2D7C4280776AF00A2F205 /* Assets.xcassets in Resources */ = {isa = PBXBuildFile; fileRef = B5C2D7C3280776AF00A2F205 /* Assets.xcassets */; };
		B5C2D7C7280776AF00A2F205 /* Main.storyboard in Resources */ = {isa = PBXBuildFile; fileRef = B5C2D7C5280776AF00A2F205 /* Main.storyboard */; };
		B5C2D7CF2807962600A2F205 /* Notes in Resources */ = {isa = PBXBuildFile; fileRef = B5C2D7CE2807962600A2F205 /* Notes */; };
		B5C2D7D128081A0F00A2F205 /* JamfPro.swift in Sources */ = {isa = PBXBuildFile; fileRef = B5C2D7D028081A0F00A2F205 /* JamfPro.swift */; };
		B5C903FB2841742B00A4B414 /* TextFormatVC.swift in Sources */ = {isa = PBXBuildFile; fileRef = B5C903FA2841742B00A4B414 /* TextFormatVC.swift */; };
		B5C903FD284695C800A4B414 /* SizesVC.swift in Sources */ = {isa = PBXBuildFile; fileRef = B5C903FC284695C800A4B414 /* SizesVC.swift */; };
/* End PBXBuildFile section */

/* Begin PBXCopyFilesBuildPhase section */
		B5699DE8287F0553004AF6FA /* CopyFiles */ = {
			isa = PBXCopyFilesBuildPhase;
			buildActionMask = 2147483647;
			dstPath = Fonts;
			dstSubfolderSpec = 7;
			files = (
				B5699DEA287F0597004AF6FA /* SF-Pro-Text-Thin.otf in CopyFiles */,
				B5699DE9287F0590004AF6FA /* SF-Pro-Text-Regular.otf in CopyFiles */,
			);
			runOnlyForDeploymentPostprocessing = 0;
		};
/* End PBXCopyFilesBuildPhase section */

/* Begin PBXFileReference section */
		B52570582830AE07008B518C /* WindowController.swift */ = {isa = PBXFileReference; lastKnownFileType = sourcecode.swift; path = WindowController.swift; sourceTree = "<group>"; };
		B5699DE5287EF45A004AF6FA /* wallpaper-Info.plist */ = {isa = PBXFileReference; lastKnownFileType = text.plist; path = "wallpaper-Info.plist"; sourceTree = SOURCE_ROOT; };
		B5699DE6287F048F004AF6FA /* SF-Pro-Text-Thin.otf */ = {isa = PBXFileReference; lastKnownFileType = file; path = "SF-Pro-Text-Thin.otf"; sourceTree = "<group>"; };
		B5699DE7287F048F004AF6FA /* SF-Pro-Text-Regular.otf */ = {isa = PBXFileReference; lastKnownFileType = file; path = "SF-Pro-Text-Regular.otf"; sourceTree = "<group>"; };
		B5699DED287FABFC004AF6FA /* images */ = {isa = PBXFileReference; fileEncoding = 4; lastKnownFileType = text; path = images; sourceTree = SOURCE_ROOT; };
		B5699DEF287FAC0A004AF6FA /* AboutViewController.swift */ = {isa = PBXFileReference; lastKnownFileType = sourcecode.swift; path = AboutViewController.swift; sourceTree = "<group>"; };
		B5699DF128805D19004AF6FA /* README.html */ = {isa = PBXFileReference; fileEncoding = 4; lastKnownFileType = text.html; path = README.html; sourceTree = "<group>"; };
		B589E876281BE620005571CC /* wallpaper.entitlements */ = {isa = PBXFileReference; lastKnownFileType = text.plist.entitlements; path = wallpaper.entitlements; sourceTree = "<group>"; };
		B589E877281D7DE0005571CC /* Alert.swift */ = {isa = PBXFileReference; fileEncoding = 4; lastKnownFileType = sourcecode.swift; path = Alert.swift; sourceTree = "<group>"; };
		B589E87F28244C66005571CC /* WriteToLog.swift */ = {isa = PBXFileReference; fileEncoding = 4; lastKnownFileType = sourcecode.swift; path = WriteToLog.swift; sourceTree = "<group>"; };
		B589E88128244CA5005571CC /* Globals.swift */ = {isa = PBXFileReference; fileEncoding = 4; lastKnownFileType = sourcecode.swift; path = Globals.swift; sourceTree = "<group>"; };
		B5C1E8FA28173D4000CDE032 /* LoginViewController.swift */ = {isa = PBXFileReference; fileEncoding = 4; lastKnownFileType = sourcecode.swift; path = LoginViewController.swift; sourceTree = "<group>"; };
		B5C1E8FC28173D4F00CDE032 /* Credentials2.swift */ = {isa = PBXFileReference; fileEncoding = 4; lastKnownFileType = sourcecode.swift; path = Credentials2.swift; sourceTree = "<group>"; };
		B5C2D7BC280776AD00A2F205 /* wallpaper.app */ = {isa = PBXFileReference; explicitFileType = wrapper.application; includeInIndex = 0; path = wallpaper.app; sourceTree = BUILT_PRODUCTS_DIR; };
		B5C2D7BF280776AD00A2F205 /* AppDelegate.swift */ = {isa = PBXFileReference; lastKnownFileType = sourcecode.swift; path = AppDelegate.swift; sourceTree = "<group>"; };
		B5C2D7C1280776AD00A2F205 /* ViewController.swift */ = {isa = PBXFileReference; lastKnownFileType = sourcecode.swift; path = ViewController.swift; sourceTree = "<group>"; };
		B5C2D7C3280776AF00A2F205 /* Assets.xcassets */ = {isa = PBXFileReference; lastKnownFileType = folder.assetcatalog; path = Assets.xcassets; sourceTree = "<group>"; };
		B5C2D7C6280776AF00A2F205 /* Base */ = {isa = PBXFileReference; lastKnownFileType = file.storyboard; name = Base; path = Base.lproj/Main.storyboard; sourceTree = "<group>"; };
		B5C2D7CE2807962600A2F205 /* Notes */ = {isa = PBXFileReference; lastKnownFileType = text; path = Notes; sourceTree = "<group>"; };
		B5C2D7D028081A0F00A2F205 /* JamfPro.swift */ = {isa = PBXFileReference; fileEncoding = 4; lastKnownFileType = sourcecode.swift; path = JamfPro.swift; sourceTree = "<group>"; };
		B5C903FA2841742B00A4B414 /* TextFormatVC.swift */ = {isa = PBXFileReference; fileEncoding = 4; lastKnownFileType = sourcecode.swift; path = TextFormatVC.swift; sourceTree = "<group>"; };
		B5C903FC284695C800A4B414 /* SizesVC.swift */ = {isa = PBXFileReference; fileEncoding = 4; lastKnownFileType = sourcecode.swift; path = SizesVC.swift; sourceTree = "<group>"; };
/* End PBXFileReference section */

/* Begin PBXFrameworksBuildPhase section */
		B5C2D7B9280776AD00A2F205 /* Frameworks */ = {
			isa = PBXFrameworksBuildPhase;
			buildActionMask = 2147483647;
			files = (
			);
			runOnlyForDeploymentPostprocessing = 0;
		};
/* End PBXFrameworksBuildPhase section */

/* Begin PBXGroup section */
		B5699DDE287E63A7004AF6FA /* Fonts */ = {
			isa = PBXGroup;
			children = (
				B5699DE7287F048F004AF6FA /* SF-Pro-Text-Regular.otf */,
				B5699DE6287F048F004AF6FA /* SF-Pro-Text-Thin.otf */,
			);
			path = Fonts;
			sourceTree = "<group>";
		};
		B589E8792821A429005571CC /* Frameworks */ = {
			isa = PBXGroup;
			children = (
			);
			name = Frameworks;
			sourceTree = "<group>";
		};
		B5C2D7B3280776AD00A2F205 = {
			isa = PBXGroup;
			children = (
				B5C2D7CE2807962600A2F205 /* Notes */,
				B5C2D7BE280776AD00A2F205 /* wallpaper */,
				B5C2D7BD280776AD00A2F205 /* Products */,
				B589E8792821A429005571CC /* Frameworks */,
			);
			sourceTree = "<group>";
		};
		B5C2D7BD280776AD00A2F205 /* Products */ = {
			isa = PBXGroup;
			children = (
				B5C2D7BC280776AD00A2F205 /* wallpaper.app */,
			);
			name = Products;
			sourceTree = "<group>";
		};
		B5C2D7BE280776AD00A2F205 /* wallpaper */ = {
			isa = PBXGroup;
			children = (
				B5699DE5287EF45A004AF6FA /* wallpaper-Info.plist */,
				B5699DDE287E63A7004AF6FA /* Fonts */,
				B5699DED287FABFC004AF6FA /* images */,
				B5699DEF287FAC0A004AF6FA /* AboutViewController.swift */,
				B589E877281D7DE0005571CC /* Alert.swift */,
				B5C2D7BF280776AD00A2F205 /* AppDelegate.swift */,
				B5C1E8FC28173D4F00CDE032 /* Credentials2.swift */,
				B589E88128244CA5005571CC /* Globals.swift */,
				B5C2D7D028081A0F00A2F205 /* JamfPro.swift */,
				B5C1E8FA28173D4000CDE032 /* LoginViewController.swift */,
				B5C903FC284695C800A4B414 /* SizesVC.swift */,
				B5C903FA2841742B00A4B414 /* TextFormatVC.swift */,
				B5C2D7C1280776AD00A2F205 /* ViewController.swift */,
				B52570582830AE07008B518C /* WindowController.swift */,
				B589E87F28244C66005571CC /* WriteToLog.swift */,
				B5699DF128805D19004AF6FA /* README.html */,
				B5C2D7C3280776AF00A2F205 /* Assets.xcassets */,
				B589E876281BE620005571CC /* wallpaper.entitlements */,
				B5C2D7C5280776AF00A2F205 /* Main.storyboard */,
			);
			path = wallpaper;
			sourceTree = "<group>";
		};
/* End PBXGroup section */

/* Begin PBXNativeTarget section */
		B5C2D7BB280776AD00A2F205 /* wallpaper */ = {
			isa = PBXNativeTarget;
			buildConfigurationList = B5C2D7CB280776AF00A2F205 /* Build configuration list for PBXNativeTarget "wallpaper" */;
			buildPhases = (
				B5C2D7B8280776AD00A2F205 /* Sources */,
				B5C2D7B9280776AD00A2F205 /* Frameworks */,
				B5C2D7BA280776AD00A2F205 /* Resources */,
				B5699DE8287F0553004AF6FA /* CopyFiles */,
			);
			buildRules = (
			);
			dependencies = (
			);
			name = wallpaper;
			productName = "ios set background";
			productReference = B5C2D7BC280776AD00A2F205 /* wallpaper.app */;
			productType = "com.apple.product-type.application";
		};
/* End PBXNativeTarget section */

/* Begin PBXProject section */
		B5C2D7B4280776AD00A2F205 /* Project object */ = {
			isa = PBXProject;
			attributes = {
				BuildIndependentTargetsInParallel = 1;
				LastSwiftUpdateCheck = 1320;
				LastUpgradeCheck = 1320;
				TargetAttributes = {
					B5C2D7BB280776AD00A2F205 = {
						CreatedOnToolsVersion = 13.2.1;
					};
				};
			};
			buildConfigurationList = B5C2D7B7280776AD00A2F205 /* Build configuration list for PBXProject "wallpaper" */;
			compatibilityVersion = "Xcode 13.0";
			developmentRegion = en;
			hasScannedForEncodings = 0;
			knownRegions = (
				en,
				Base,
			);
			mainGroup = B5C2D7B3280776AD00A2F205;
			productRefGroup = B5C2D7BD280776AD00A2F205 /* Products */;
			projectDirPath = "";
			projectRoot = "";
			targets = (
				B5C2D7BB280776AD00A2F205 /* wallpaper */,
			);
		};
/* End PBXProject section */

/* Begin PBXResourcesBuildPhase section */
		B5C2D7BA280776AD00A2F205 /* Resources */ = {
			isa = PBXResourcesBuildPhase;
			buildActionMask = 2147483647;
			files = (
				B5699DEE287FABFC004AF6FA /* images in Resources */,
				B5C2D7CF2807962600A2F205 /* Notes in Resources */,
				B5C2D7C4280776AF00A2F205 /* Assets.xcassets in Resources */,
				B5C2D7C7280776AF00A2F205 /* Main.storyboard in Resources */,
				B5699DF228805D19004AF6FA /* README.html in Resources */,
			);
			runOnlyForDeploymentPostprocessing = 0;
		};
/* End PBXResourcesBuildPhase section */

/* Begin PBXSourcesBuildPhase section */
		B5C2D7B8280776AD00A2F205 /* Sources */ = {
			isa = PBXSourcesBuildPhase;
			buildActionMask = 2147483647;
			files = (
				B52570592830AE07008B518C /* WindowController.swift in Sources */,
				B5C1E8FB28173D4000CDE032 /* LoginViewController.swift in Sources */,
				B5C903FB2841742B00A4B414 /* TextFormatVC.swift in Sources */,
				B5C2D7C2280776AD00A2F205 /* ViewController.swift in Sources */,
				B589E88028244C66005571CC /* WriteToLog.swift in Sources */,
				B5C1E8FD28173D4F00CDE032 /* Credentials2.swift in Sources */,
				B5699DF0287FAC0A004AF6FA /* AboutViewController.swift in Sources */,
				B5C903FD284695C800A4B414 /* SizesVC.swift in Sources */,
				B5C2D7C0280776AD00A2F205 /* AppDelegate.swift in Sources */,
				B5C2D7D128081A0F00A2F205 /* JamfPro.swift in Sources */,
				B589E878281D7DE0005571CC /* Alert.swift in Sources */,
				B589E88228244CA5005571CC /* Globals.swift in Sources */,
			);
			runOnlyForDeploymentPostprocessing = 0;
		};
/* End PBXSourcesBuildPhase section */

/* Begin PBXVariantGroup section */
		B5C2D7C5280776AF00A2F205 /* Main.storyboard */ = {
			isa = PBXVariantGroup;
			children = (
				B5C2D7C6280776AF00A2F205 /* Base */,
			);
			name = Main.storyboard;
			sourceTree = "<group>";
		};
/* End PBXVariantGroup section */

/* Begin XCBuildConfiguration section */
		B5C2D7C9280776AF00A2F205 /* Debug */ = {
			isa = XCBuildConfiguration;
			buildSettings = {
				ALWAYS_SEARCH_USER_PATHS = NO;
				CLANG_ANALYZER_NONNULL = YES;
				CLANG_ANALYZER_NUMBER_OBJECT_CONVERSION = YES_AGGRESSIVE;
				CLANG_CXX_LANGUAGE_STANDARD = "gnu++17";
				CLANG_CXX_LIBRARY = "libc++";
				CLANG_ENABLE_MODULES = YES;
				CLANG_ENABLE_OBJC_ARC = YES;
				CLANG_ENABLE_OBJC_WEAK = YES;
				CLANG_WARN_BLOCK_CAPTURE_AUTORELEASING = YES;
				CLANG_WARN_BOOL_CONVERSION = YES;
				CLANG_WARN_COMMA = YES;
				CLANG_WARN_CONSTANT_CONVERSION = YES;
				CLANG_WARN_DEPRECATED_OBJC_IMPLEMENTATIONS = YES;
				CLANG_WARN_DIRECT_OBJC_ISA_USAGE = YES_ERROR;
				CLANG_WARN_DOCUMENTATION_COMMENTS = YES;
				CLANG_WARN_EMPTY_BODY = YES;
				CLANG_WARN_ENUM_CONVERSION = YES;
				CLANG_WARN_INFINITE_RECURSION = YES;
				CLANG_WARN_INT_CONVERSION = YES;
				CLANG_WARN_NON_LITERAL_NULL_CONVERSION = YES;
				CLANG_WARN_OBJC_IMPLICIT_RETAIN_SELF = YES;
				CLANG_WARN_OBJC_LITERAL_CONVERSION = YES;
				CLANG_WARN_OBJC_ROOT_CLASS = YES_ERROR;
				CLANG_WARN_QUOTED_INCLUDE_IN_FRAMEWORK_HEADER = YES;
				CLANG_WARN_RANGE_LOOP_ANALYSIS = YES;
				CLANG_WARN_STRICT_PROTOTYPES = YES;
				CLANG_WARN_SUSPICIOUS_MOVE = YES;
				CLANG_WARN_UNGUARDED_AVAILABILITY = YES_AGGRESSIVE;
				CLANG_WARN_UNREACHABLE_CODE = YES;
				CLANG_WARN__DUPLICATE_METHOD_MATCH = YES;
				COPY_PHASE_STRIP = NO;
				DEBUG_INFORMATION_FORMAT = dwarf;
				ENABLE_STRICT_OBJC_MSGSEND = YES;
				ENABLE_TESTABILITY = YES;
				GCC_C_LANGUAGE_STANDARD = gnu11;
				GCC_DYNAMIC_NO_PIC = NO;
				GCC_NO_COMMON_BLOCKS = YES;
				GCC_OPTIMIZATION_LEVEL = 0;
				GCC_PREPROCESSOR_DEFINITIONS = (
					"DEBUG=1",
					"$(inherited)",
				);
				GCC_WARN_64_TO_32_BIT_CONVERSION = YES;
				GCC_WARN_ABOUT_RETURN_TYPE = YES_ERROR;
				GCC_WARN_UNDECLARED_SELECTOR = YES;
				GCC_WARN_UNINITIALIZED_AUTOS = YES_AGGRESSIVE;
				GCC_WARN_UNUSED_FUNCTION = YES;
				GCC_WARN_UNUSED_VARIABLE = YES;
				MACOSX_DEPLOYMENT_TARGET = 11.0;
				MTL_ENABLE_DEBUG_INFO = INCLUDE_SOURCE;
				MTL_FAST_MATH = YES;
				ONLY_ACTIVE_ARCH = YES;
				SDKROOT = macosx;
				SWIFT_ACTIVE_COMPILATION_CONDITIONS = DEBUG;
				SWIFT_OPTIMIZATION_LEVEL = "-Onone";
			};
			name = Debug;
		};
		B5C2D7CA280776AF00A2F205 /* Release */ = {
			isa = XCBuildConfiguration;
			buildSettings = {
				ALWAYS_SEARCH_USER_PATHS = NO;
				CLANG_ANALYZER_NONNULL = YES;
				CLANG_ANALYZER_NUMBER_OBJECT_CONVERSION = YES_AGGRESSIVE;
				CLANG_CXX_LANGUAGE_STANDARD = "gnu++17";
				CLANG_CXX_LIBRARY = "libc++";
				CLANG_ENABLE_MODULES = YES;
				CLANG_ENABLE_OBJC_ARC = YES;
				CLANG_ENABLE_OBJC_WEAK = YES;
				CLANG_WARN_BLOCK_CAPTURE_AUTORELEASING = YES;
				CLANG_WARN_BOOL_CONVERSION = YES;
				CLANG_WARN_COMMA = YES;
				CLANG_WARN_CONSTANT_CONVERSION = YES;
				CLANG_WARN_DEPRECATED_OBJC_IMPLEMENTATIONS = YES;
				CLANG_WARN_DIRECT_OBJC_ISA_USAGE = YES_ERROR;
				CLANG_WARN_DOCUMENTATION_COMMENTS = YES;
				CLANG_WARN_EMPTY_BODY = YES;
				CLANG_WARN_ENUM_CONVERSION = YES;
				CLANG_WARN_INFINITE_RECURSION = YES;
				CLANG_WARN_INT_CONVERSION = YES;
				CLANG_WARN_NON_LITERAL_NULL_CONVERSION = YES;
				CLANG_WARN_OBJC_IMPLICIT_RETAIN_SELF = YES;
				CLANG_WARN_OBJC_LITERAL_CONVERSION = YES;
				CLANG_WARN_OBJC_ROOT_CLASS = YES_ERROR;
				CLANG_WARN_QUOTED_INCLUDE_IN_FRAMEWORK_HEADER = YES;
				CLANG_WARN_RANGE_LOOP_ANALYSIS = YES;
				CLANG_WARN_STRICT_PROTOTYPES = YES;
				CLANG_WARN_SUSPICIOUS_MOVE = YES;
				CLANG_WARN_UNGUARDED_AVAILABILITY = YES_AGGRESSIVE;
				CLANG_WARN_UNREACHABLE_CODE = YES;
				CLANG_WARN__DUPLICATE_METHOD_MATCH = YES;
				COPY_PHASE_STRIP = NO;
				DEBUG_INFORMATION_FORMAT = "dwarf-with-dsym";
				ENABLE_NS_ASSERTIONS = NO;
				ENABLE_STRICT_OBJC_MSGSEND = YES;
				GCC_C_LANGUAGE_STANDARD = gnu11;
				GCC_NO_COMMON_BLOCKS = YES;
				GCC_WARN_64_TO_32_BIT_CONVERSION = YES;
				GCC_WARN_ABOUT_RETURN_TYPE = YES_ERROR;
				GCC_WARN_UNDECLARED_SELECTOR = YES;
				GCC_WARN_UNINITIALIZED_AUTOS = YES_AGGRESSIVE;
				GCC_WARN_UNUSED_FUNCTION = YES;
				GCC_WARN_UNUSED_VARIABLE = YES;
				MACOSX_DEPLOYMENT_TARGET = 11.0;
				MTL_ENABLE_DEBUG_INFO = NO;
				MTL_FAST_MATH = YES;
				SDKROOT = macosx;
				SWIFT_COMPILATION_MODE = wholemodule;
				SWIFT_OPTIMIZATION_LEVEL = "-O";
			};
			name = Release;
		};
		B5C2D7CC280776AF00A2F205 /* Debug */ = {
			isa = XCBuildConfiguration;
			buildSettings = {
				ASSETCATALOG_COMPILER_APPICON_NAME = AppIcon;
				ASSETCATALOG_COMPILER_GLOBAL_ACCENT_COLOR_NAME = AccentColor;
				CODE_SIGN_ENTITLEMENTS = wallpaper/wallpaper.entitlements;
				CODE_SIGN_IDENTITY = "Apple Development";
				CODE_SIGN_STYLE = Automatic;
				COMBINE_HIDPI_IMAGES = YES;
				CURRENT_PROJECT_VERSION = 1;
				DEVELOPMENT_TEAM = PS2F6S478M;
				ENABLE_HARDENED_RUNTIME = YES;
				EXCLUDED_SOURCE_FILE_NAMES = Notes;
				GENERATE_INFOPLIST_FILE = YES;
				INFOPLIST_FILE = "wallpaper-Info.plist";
				INFOPLIST_KEY_LSApplicationCategoryType = "public.app-category.utilities";
				INFOPLIST_KEY_NSHumanReadableCopyright = "";
				INFOPLIST_KEY_NSMainStoryboardFile = Main;
				INFOPLIST_KEY_NSPrincipalClass = NSApplication;
				LD_RUNPATH_SEARCH_PATHS = (
					"$(inherited)",
					"@executable_path/../Frameworks",
				);
				MACOSX_DEPLOYMENT_TARGET = 11.0;
				MARKETING_VERSION = 1.1.5;
				PRODUCT_BUNDLE_IDENTIFIER = jamf.ie.wallpaper;
				PRODUCT_NAME = "$(TARGET_NAME)";
				SWIFT_EMIT_LOC_STRINGS = YES;
				SWIFT_VERSION = 5.0;
			};
			name = Debug;
		};
		B5C2D7CD280776AF00A2F205 /* Release */ = {
			isa = XCBuildConfiguration;
			buildSettings = {
				ASSETCATALOG_COMPILER_APPICON_NAME = AppIcon;
				ASSETCATALOG_COMPILER_GLOBAL_ACCENT_COLOR_NAME = AccentColor;
				CODE_SIGN_ENTITLEMENTS = wallpaper/wallpaper.entitlements;
				CODE_SIGN_IDENTITY = "Apple Development";
				CODE_SIGN_STYLE = Automatic;
				COMBINE_HIDPI_IMAGES = YES;
				CURRENT_PROJECT_VERSION = 1;
				DEVELOPMENT_TEAM = PS2F6S478M;
				ENABLE_HARDENED_RUNTIME = YES;
				EXCLUDED_SOURCE_FILE_NAMES = Notes;
				GENERATE_INFOPLIST_FILE = YES;
				INFOPLIST_FILE = "wallpaper-Info.plist";
				INFOPLIST_KEY_LSApplicationCategoryType = "public.app-category.utilities";
				INFOPLIST_KEY_NSHumanReadableCopyright = "";
				INFOPLIST_KEY_NSMainStoryboardFile = Main;
				INFOPLIST_KEY_NSPrincipalClass = NSApplication;
				LD_RUNPATH_SEARCH_PATHS = (
					"$(inherited)",
					"@executable_path/../Frameworks",
				);
				MACOSX_DEPLOYMENT_TARGET = 11.0;
				MARKETING_VERSION = 1.1.5;
				PRODUCT_BUNDLE_IDENTIFIER = jamf.ie.wallpaper;
				PRODUCT_NAME = "$(TARGET_NAME)";
				SWIFT_EMIT_LOC_STRINGS = YES;
				SWIFT_VERSION = 5.0;
			};
			name = Release;
		};
/* End XCBuildConfiguration section */

/* Begin XCConfigurationList section */
		B5C2D7B7280776AD00A2F205 /* Build configuration list for PBXProject "wallpaper" */ = {
			isa = XCConfigurationList;
			buildConfigurations = (
				B5C2D7C9280776AF00A2F205 /* Debug */,
				B5C2D7CA280776AF00A2F205 /* Release */,
			);
			defaultConfigurationIsVisible = 0;
			defaultConfigurationName = Release;
		};
		B5C2D7CB280776AF00A2F205 /* Build configuration list for PBXNativeTarget "wallpaper" */ = {
			isa = XCConfigurationList;
			buildConfigurations = (
				B5C2D7CC280776AF00A2F205 /* Debug */,
				B5C2D7CD280776AF00A2F205 /* Release */,
			);
			defaultConfigurationIsVisible = 0;
			defaultConfigurationName = Release;
		};
/* End XCConfigurationList section */
	};
	rootObject = B5C2D7B4280776AD00A2F205 /* Project object */;
}
